Microsoft Visual Studio Solution File, Format Version 12.00
# Visual Studio Version 17
VisualStudioVersion = 17.9.34607.119
MinimumVisualStudioVersion = 16.0.0.0
Project("{9A19103F-16F7-4668-BE54-9A1E7A4F7556}") = "music-manager-starter.Server", "Server\music-manager-starter.Server.csproj", "{CBB9A15F-55FF-47C9-B007-99727BC5A547}"
EndProject
Project("{9A19103F-16F7-4668-BE54-9A1E7A4F7556}") = "music-manager-starter.Client", "Client\music-manager-starter.Client.csproj", "{F64790C9-F302-4415-AE4B-E2D507B26589}"
EndProject
Project("{9A19103F-16F7-4668-BE54-9A1E7A4F7556}") = "music-manager-starter.Shared", "Shared\music-manager-starter.Shared.csproj", "{8712C3C4-13F8-4094-9366-2BB35ADA17FB}"
EndProject
Project("{FAE04EC0-301F-11D3-BF4B-00C04F79EFBC}") = "music-manager-start.Data", "music-manager-start.Data\music-manager-start.Data.csproj", "{C2A54D61-66F8-4690-AF4C-FDD117B329BE}"
EndProject
Global
	GlobalSection(SolutionConfigurationPlatforms) = preSolution
		Debug|Any CPU = Debug|Any CPU
		Debug|x64 = Debug|x64
		Debug|x86 = Debug|x86
		Release|Any CPU = Release|Any CPU
		Release|x64 = Release|x64
		Release|x86 = Release|x86
	EndGlobalSection
	GlobalSection(ProjectConfigurationPlatforms) = postSolution
		{CBB9A15F-55FF-47C9-B007-99727BC5A547}.Debug|Any CPU.ActiveCfg = Debug|Any CPU
		{CBB9A15F-55FF-47C9-B007-99727BC5A547}.Debug|Any CPU.Build.0 = Debug|Any CPU
		{CBB9A15F-55FF-47C9-B007-99727BC5A547}.Debug|x64.ActiveCfg = Debug|Any CPU
		{CBB9A15F-55FF-47C9-B007-99727BC5A547}.Debug|x64.Build.0 = Debug|Any CPU
		{CBB9A15F-55FF-47C9-B007-99727BC5A547}.Debug|x86.ActiveCfg = Debug|Any CPU
		{CBB9A15F-55FF-47C9-B007-99727BC5A547}.Debug|x86.Build.0 = Debug|Any CPU
		{CBB9A15F-55FF-47C9-B007-99727BC5A547}.Release|Any CPU.ActiveCfg = Release|Any CPU
		{CBB9A15F-55FF-47C9-B007-99727BC5A547}.Release|Any CPU.Build.0 = Release|Any CPU
		{CBB9A15F-55FF-47C9-B007-99727BC5A547}.Release|x64.ActiveCfg = Release|Any CPU
		{CBB9A15F-55FF-47C9-B007-99727BC5A547}.Release|x64.Build.0 = Release|Any CPU
		{CBB9A15F-55FF-47C9-B007-99727BC5A547}.Release|x86.ActiveCfg = Release|Any CPU
		{CBB9A15F-55FF-47C9-B007-99727BC5A547}.Release|x86.Build.0 = Release|Any CPU
		{F64790C9-F302-4415-AE4B-E2D507B26589}.Debug|Any CPU.ActiveCfg = Debug|Any CPU
		{F64790C9-F302-4415-AE4B-E2D507B26589}.Debug|Any CPU.Build.0 = Debug|Any CPU
		{F64790C9-F302-4415-AE4B-E2D507B26589}.Debug|x64.ActiveCfg = Debug|Any CPU
		{F64790C9-F302-4415-AE4B-E2D507B26589}.Debug|x64.Build.0 = Debug|Any CPU
		{F64790C9-F302-4415-AE4B-E2D507B26589}.Debug|x86.ActiveCfg = Debug|Any CPU
		{F64790C9-F302-4415-AE4B-E2D507B26589}.Debug|x86.Build.0 = Debug|Any CPU
		{F64790C9-F302-4415-AE4B-E2D507B26589}.Release|Any CPU.ActiveCfg = Release|Any CPU
		{F64790C9-F302-4415-AE4B-E2D507B26589}.Release|Any CPU.Build.0 = Release|Any CPU
		{F64790C9-F302-4415-AE4B-E2D507B26589}.Release|x64.ActiveCfg = Release|Any CPU
		{F64790C9-F302-4415-AE4B-E2D507B26589}.Release|x64.Build.0 = Release|Any CPU
		{F64790C9-F302-4415-AE4B-E2D507B26589}.Release|x86.ActiveCfg = Release|Any CPU
		{F64790C9-F302-4415-AE4B-E2D507B26589}.Release|x86.Build.0 = Release|Any CPU
		{8712C3C4-13F8-4094-9366-2BB35ADA17FB}.Debug|Any CPU.ActiveCfg = Debug|Any CPU
		{8712C3C4-13F8-4094-9366-2BB35ADA17FB}.Debug|Any CPU.Build.0 = Debug|Any CPU
		{8712C3C4-13F8-4094-9366-2BB35ADA17FB}.Debug|x64.ActiveCfg = Debug|Any CPU
		{8712C3C4-13F8-4094-9366-2BB35ADA17FB}.Debug|x64.Build.0 = Debug|Any CPU
		{8712C3C4-13F8-4094-9366-2BB35ADA17FB}.Debug|x86.ActiveCfg = Debug|Any CPU
		{8712C3C4-13F8-4094-9366-2BB35ADA17FB}.Debug|x86.Build.0 = Debug|Any CPU
		{8712C3C4-13F8-4094-9366-2BB35ADA17FB}.Release|Any CPU.ActiveCfg = Release|Any CPU
		{8712C3C4-13F8-4094-9366-2BB35ADA17FB}.Release|Any CPU.Build.0 = Release|Any CPU
		{8712C3C4-13F8-4094-9366-2BB35ADA17FB}.Release|x64.ActiveCfg = Release|Any CPU
		{8712C3C4-13F8-4094-9366-2BB35ADA17FB}.Release|x64.Build.0 = Release|Any CPU
		{8712C3C4-13F8-4094-9366-2BB35ADA17FB}.Release|x86.ActiveCfg = Release|Any CPU
		{8712C3C4-13F8-4094-9366-2BB35ADA17FB}.Release|x86.Build.0 = Release|Any CPU
		{C2A54D61-66F8-4690-AF4C-FDD117B329BE}.Debug|Any CPU.ActiveCfg = Debug|Any CPU
		{C2A54D61-66F8-4690-AF4C-FDD117B329BE}.Debug|Any CPU.Build.0 = Debug|Any CPU
		{C2A54D61-66F8-4690-AF4C-FDD117B329BE}.Debug|x64.ActiveCfg = Debug|Any CPU
		{C2A54D61-66F8-4690-AF4C-FDD117B329BE}.Debug|x64.Build.0 = Debug|Any CPU
		{C2A54D61-66F8-4690-AF4C-FDD117B329BE}.Debug|x86.ActiveCfg = Debug|Any CPU
		{C2A54D61-66F8-4690-AF4C-FDD117B329BE}.Debug|x86.Build.0 = Debug|Any CPU
		{C2A54D61-66F8-4690-AF4C-FDD117B329BE}.Release|Any CPU.ActiveCfg = Release|Any CPU
		{C2A54D61-66F8-4690-AF4C-FDD117B329BE}.Release|Any CPU.Build.0 = Release|Any CPU
		{C2A54D61-66F8-4690-AF4C-FDD117B329BE}.Release|x64.ActiveCfg = Release|Any CPU
		{C2A54D61-66F8-4690-AF4C-FDD117B329BE}.Release|x64.Build.0 = Release|Any CPU
		{C2A54D61-66F8-4690-AF4C-FDD117B329BE}.Release|x86.ActiveCfg = Release|Any CPU
		{C2A54D61-66F8-4690-AF4C-FDD117B329BE}.Release|x86.Build.0 = Release|Any CPU
	EndGlobalSection
	GlobalSection(SolutionProperties) = preSolution
		HideSolutionNode = FALSE
	EndGlobalSection
	GlobalSection(ExtensibilityGlobals) = postSolution
		SolutionGuid = {93DD70B5-2EC7-45A6-A24D-0E30BA394789}
	EndGlobalSection
EndGlobal
